
Microsoft Visual Studio Solution File, Format Version 12.00
# Visual Studio Version 17
VisualStudioVersion = 17.10.35013.160
MinimumVisualStudioVersion = 10.0.40219.1
Project("{FAE04EC0-301F-11D3-BF4B-00C04F79EFBC}") = "FlightService", "FlightService\FlightService.csproj", "{4D87D3A2-287B-469F-8203-F4B207A3A05F}"
EndProject
Project("{9A19103F-16F7-4668-BE54-9A1E7A4F7556}") = "SharedFunctionality", "..\SharedFunctionality\SharedFunctionality\SharedFunctionality.csproj", "{03D3A9F5-030D-4890-88BE-7FE6D3AD2B21}"
EndProject
Project("{FAE04EC0-301F-11D3-BF4B-00C04F79EFBC}") = "EntityFrameworkLogic", "EntityFrameworkLogic\EntityFrameworkLogic.csproj", "{9ECA2543-6069-4125-A5E3-E12DB86D1865}"
EndProject
Global
	GlobalSection(SolutionConfigurationPlatforms) = preSolution
		Debug|Any CPU = Debug|Any CPU
		Release|Any CPU = Release|Any CPU
	EndGlobalSection
	GlobalSection(ProjectConfigurationPlatforms) = postSolution
		{4D87D3A2-287B-469F-8203-F4B207A3A05F}.Debug|Any CPU.ActiveCfg = Debug|Any CPU
		{4D87D3A2-287B-469F-8203-F4B207A3A05F}.Debug|Any CPU.Build.0 = Debug|Any CPU
		{4D87D3A2-287B-469F-8203-F4B207A3A05F}.Release|Any CPU.ActiveCfg = Release|Any CPU
		{4D87D3A2-287B-469F-8203-F4B207A3A05F}.Release|Any CPU.Build.0 = Release|Any CPU
		{03D3A9F5-030D-4890-88BE-7FE6D3AD2B21}.Debug|Any CPU.ActiveCfg = Debug|Any CPU
		{03D3A9F5-030D-4890-88BE-7FE6D3AD2B21}.Debug|Any CPU.Build.0 = Debug|Any CPU
		{03D3A9F5-030D-4890-88BE-7FE6D3AD2B21}.Release|Any CPU.ActiveCfg = Release|Any CPU
		{03D3A9F5-030D-4890-88BE-7FE6D3AD2B21}.Release|Any CPU.Build.0 = Release|Any CPU
		{9ECA2543-6069-4125-A5E3-E12DB86D1865}.Debug|Any CPU.ActiveCfg = Debug|Any CPU
		{9ECA2543-6069-4125-A5E3-E12DB86D1865}.Debug|Any CPU.Build.0 = Debug|Any CPU
		{9ECA2543-6069-4125-A5E3-E12DB86D1865}.Release|Any CPU.ActiveCfg = Release|Any CPU
		{9ECA2543-6069-4125-A5E3-E12DB86D1865}.Release|Any CPU.Build.0 = Release|Any CPU
	EndGlobalSection
	GlobalSection(SolutionProperties) = preSolution
		HideSolutionNode = FALSE
	EndGlobalSection
	GlobalSection(ExtensibilityGlobals) = postSolution
		SolutionGuid = {244CCBFE-E3D1-4E73-A3FB-0530EAE4A3F5}
	EndGlobalSection
EndGlobal
