
Microsoft Visual Studio Solution File, Format Version 12.00
# Visual Studio Version 17
VisualStudioVersion = 17.10.35013.160
MinimumVisualStudioVersion = 10.0.40219.1
Project("{9A19103F-16F7-4668-BE54-9A1E7A4F7556}") = "BookingService", "BookingService\BookingService.csproj", "{3EF5B2DF-DA4A-41B0-A79B-436DD73EC228}"
EndProject
Project("{9A19103F-16F7-4668-BE54-9A1E7A4F7556}") = "SharedFunctionality", "..\SharedFunctionality\SharedFunctionality\SharedFunctionality.csproj", "{14697233-F7D9-4383-A881-66CA9CDBD30D}"
EndProject
Project("{9A19103F-16F7-4668-BE54-9A1E7A4F7556}") = "EntityFrameworkLogic", "EntityFrameworkLogic\EntityFrameworkLogic.csproj", "{1E1218DB-86AB-4CCD-9BCA-DC6F45ECD520}"
EndProject
Project("{9A19103F-16F7-4668-BE54-9A1E7A4F7556}") = "InterserviceCommunication", "..\InterserviceCommunication\InterserviceCommunication\InterserviceCommunication.csproj", "{A1612199-849E-42E1-82CE-38B6658BD943}"
EndProject
Global
	GlobalSection(SolutionConfigurationPlatforms) = preSolution
		Debug|Any CPU = Debug|Any CPU
		Release|Any CPU = Release|Any CPU
	EndGlobalSection
	GlobalSection(ProjectConfigurationPlatforms) = postSolution
		{3EF5B2DF-DA4A-41B0-A79B-436DD73EC228}.Debug|Any CPU.ActiveCfg = Debug|Any CPU
		{3EF5B2DF-DA4A-41B0-A79B-436DD73EC228}.Debug|Any CPU.Build.0 = Debug|Any CPU
		{3EF5B2DF-DA4A-41B0-A79B-436DD73EC228}.Release|Any CPU.ActiveCfg = Release|Any CPU
		{3EF5B2DF-DA4A-41B0-A79B-436DD73EC228}.Release|Any CPU.Build.0 = Release|Any CPU
		{14697233-F7D9-4383-A881-66CA9CDBD30D}.Debug|Any CPU.ActiveCfg = Debug|Any CPU
		{14697233-F7D9-4383-A881-66CA9CDBD30D}.Debug|Any CPU.Build.0 = Debug|Any CPU
		{14697233-F7D9-4383-A881-66CA9CDBD30D}.Release|Any CPU.ActiveCfg = Release|Any CPU
		{14697233-F7D9-4383-A881-66CA9CDBD30D}.Release|Any CPU.Build.0 = Release|Any CPU
		{1E1218DB-86AB-4CCD-9BCA-DC6F45ECD520}.Debug|Any CPU.ActiveCfg = Debug|Any CPU
		{1E1218DB-86AB-4CCD-9BCA-DC6F45ECD520}.Debug|Any CPU.Build.0 = Debug|Any CPU
		{1E1218DB-86AB-4CCD-9BCA-DC6F45ECD520}.Release|Any CPU.ActiveCfg = Release|Any CPU
		{1E1218DB-86AB-4CCD-9BCA-DC6F45ECD520}.Release|Any CPU.Build.0 = Release|Any CPU
		{A1612199-849E-42E1-82CE-38B6658BD943}.Debug|Any CPU.ActiveCfg = Debug|Any CPU
		{A1612199-849E-42E1-82CE-38B6658BD943}.Debug|Any CPU.Build.0 = Debug|Any CPU
		{A1612199-849E-42E1-82CE-38B6658BD943}.Release|Any CPU.ActiveCfg = Release|Any CPU
		{A1612199-849E-42E1-82CE-38B6658BD943}.Release|Any CPU.Build.0 = Release|Any CPU
	EndGlobalSection
	GlobalSection(SolutionProperties) = preSolution
		HideSolutionNode = FALSE
	EndGlobalSection
	GlobalSection(ExtensibilityGlobals) = postSolution
		SolutionGuid = {A38192A5-D0C0-4EBE-8302-34B6415B3558}
	EndGlobalSection
EndGlobal
